
Microsoft Visual Studio Solution File, Format Version 12.00
# Visual Studio 15
VisualStudioVersion = 15.0.27130.2024
MinimumVisualStudioVersion = 10.0.40219.1
Project("{9A19103F-16F7-4668-BE54-9A1E7A4F7556}") = "users_purchase", "users_purchase\users_purchase.csproj", "{39F675AE-516E-4FF1-9298-84AB4D28ED43}"
EndProject
Project("{9A19103F-16F7-4668-BE54-9A1E7A4F7556}") = "models_post", "models_post\models_post.csproj", "{32526002-F5D9-43FE-95D1-E53C918DF660}"
EndProject
Project("{9A19103F-16F7-4668-BE54-9A1E7A4F7556}") = "alpha69.common", "alpha69.common\alpha69.common.csproj", "{5EE33A95-A067-4F30-B3FF-6958072211A0}"
EndProject
Project("{2150E333-8FDC-42A3-9474-1A3956D46DE8}") = "json test", "json test", "{1E7CC67C-A888-46BA-A595-1146044CF245}"
	ProjectSection(SolutionItems) = preProject
		live_session_post.json = live_session_post.json
		livesessions_delete.json = livesessions_delete.json
		models_post.json = models_post.json
		models_products_delete.json = models_products_delete.json
		models_products_post.json = models_products_post.json
	EndProjectSection
EndProject
Project("{9A19103F-16F7-4668-BE54-9A1E7A4F7556}") = "models_products_post", "models_products_post\models_products_post.csproj", "{565C86B9-392F-4F41-8062-5113D0AD4748}"
EndProject
Project("{2150E333-8FDC-42A3-9474-1A3956D46DE8}") = "Solution Items", "Solution Items", "{F08323C8-92BE-4969-AEC1-3509FE3B0B05}"
	ProjectSection(SolutionItems) = preProject
		alpha69.sql = alpha69.sql
		NOTES.txt = NOTES.txt
		smartami_phpmyadmin2.pem = smartami_phpmyadmin2.pem
	EndProjectSection
EndProject
Project("{9A19103F-16F7-4668-BE54-9A1E7A4F7556}") = "models_products_delete", "model_products_delete\models_products_delete.csproj", "{C7364C82-D889-40F2-88E9-611848D67644}"
EndProject
Project("{2150E333-8FDC-42A3-9474-1A3956D46DE8}") = "api gateway body mappings", "api gateway body mappings", "{16A9A9F3-08BE-4A44-84A9-4F4543D78300}"
	ProjectSection(SolutionItems) = preProject
		standard.json = standard.json
	EndProjectSection
EndProject
Project("{9A19103F-16F7-4668-BE54-9A1E7A4F7556}") = "livesessions_post", "livesessions_post\livesessions_post.csproj", "{A47BA750-DFDD-40D0-8FEB-12165EC954EE}"
EndProject
Project("{9A19103F-16F7-4668-BE54-9A1E7A4F7556}") = "livesessions_delete", "livesessions_delete\livesessions_delete.csproj", "{A03AC71F-9FEB-43BD-A01E-94F8EE47B028}"
EndProject
Project("{9A19103F-16F7-4668-BE54-9A1E7A4F7556}") = "livesessions_get_all_open", "livesessions_get_all_open\livesessions_get_all_open.csproj", "{79B7FE4B-C679-465C-B88B-8E21FF5B2F2A}"
EndProject
Project("{E24C65DC-7377-472B-9ABA-BC803B73C61A}") = "website_sim", "website_sim\", "{B33F1E9E-1FEA-439F-BFE7-99AF9B5F1606}"
	ProjectSection(WebsiteProperties) = preProject
		TargetFrameworkMoniker = ".NETFramework,Version%3Dv4.6.1"
		Debug.AspNetCompiler.VirtualPath = "/localhost_56876"
		Debug.AspNetCompiler.PhysicalPath = "website_sim\"
		Debug.AspNetCompiler.TargetPath = "PrecompiledWeb\localhost_56876\"
		Debug.AspNetCompiler.Updateable = "true"
		Debug.AspNetCompiler.ForceOverwrite = "true"
		Debug.AspNetCompiler.FixedNames = "false"
		Debug.AspNetCompiler.Debug = "True"
		Release.AspNetCompiler.VirtualPath = "/localhost_56876"
		Release.AspNetCompiler.PhysicalPath = "website_sim\"
		Release.AspNetCompiler.TargetPath = "PrecompiledWeb\localhost_56876\"
		Release.AspNetCompiler.Updateable = "true"
		Release.AspNetCompiler.ForceOverwrite = "true"
		Release.AspNetCompiler.FixedNames = "false"
		Release.AspNetCompiler.Debug = "False"
		VWDPort = "56876"
		SlnRelativePath = "website_sim\"
		DefaultWebSiteLanguage = "Visual C#"
	EndProjectSection
EndProject
Project("{9A19103F-16F7-4668-BE54-9A1E7A4F7556}") = "livesessions_goal_post", "livesessions_goal_post\livesessions_goal_post.csproj", "{9229BC80-3D87-4F87-A037-55F9179356D5}"
EndProject
Global
	GlobalSection(SolutionConfigurationPlatforms) = preSolution
		Debug|Any CPU = Debug|Any CPU
		Release|Any CPU = Release|Any CPU
	EndGlobalSection
	GlobalSection(ProjectConfigurationPlatforms) = postSolution
		{39F675AE-516E-4FF1-9298-84AB4D28ED43}.Debug|Any CPU.ActiveCfg = Debug|Any CPU
		{39F675AE-516E-4FF1-9298-84AB4D28ED43}.Debug|Any CPU.Build.0 = Debug|Any CPU
		{39F675AE-516E-4FF1-9298-84AB4D28ED43}.Release|Any CPU.ActiveCfg = Release|Any CPU
		{39F675AE-516E-4FF1-9298-84AB4D28ED43}.Release|Any CPU.Build.0 = Release|Any CPU
		{32526002-F5D9-43FE-95D1-E53C918DF660}.Debug|Any CPU.ActiveCfg = Debug|Any CPU
		{32526002-F5D9-43FE-95D1-E53C918DF660}.Debug|Any CPU.Build.0 = Debug|Any CPU
		{32526002-F5D9-43FE-95D1-E53C918DF660}.Release|Any CPU.ActiveCfg = Release|Any CPU
		{32526002-F5D9-43FE-95D1-E53C918DF660}.Release|Any CPU.Build.0 = Release|Any CPU
		{5EE33A95-A067-4F30-B3FF-6958072211A0}.Debug|Any CPU.ActiveCfg = Debug|Any CPU
		{5EE33A95-A067-4F30-B3FF-6958072211A0}.Debug|Any CPU.Build.0 = Debug|Any CPU
		{5EE33A95-A067-4F30-B3FF-6958072211A0}.Release|Any CPU.ActiveCfg = Release|Any CPU
		{5EE33A95-A067-4F30-B3FF-6958072211A0}.Release|Any CPU.Build.0 = Release|Any CPU
		{565C86B9-392F-4F41-8062-5113D0AD4748}.Debug|Any CPU.ActiveCfg = Debug|Any CPU
		{565C86B9-392F-4F41-8062-5113D0AD4748}.Debug|Any CPU.Build.0 = Debug|Any CPU
		{565C86B9-392F-4F41-8062-5113D0AD4748}.Release|Any CPU.ActiveCfg = Release|Any CPU
		{565C86B9-392F-4F41-8062-5113D0AD4748}.Release|Any CPU.Build.0 = Release|Any CPU
		{C7364C82-D889-40F2-88E9-611848D67644}.Debug|Any CPU.ActiveCfg = Debug|Any CPU
		{C7364C82-D889-40F2-88E9-611848D67644}.Debug|Any CPU.Build.0 = Debug|Any CPU
		{C7364C82-D889-40F2-88E9-611848D67644}.Release|Any CPU.ActiveCfg = Release|Any CPU
		{C7364C82-D889-40F2-88E9-611848D67644}.Release|Any CPU.Build.0 = Release|Any CPU
		{A47BA750-DFDD-40D0-8FEB-12165EC954EE}.Debug|Any CPU.ActiveCfg = Debug|Any CPU
		{A47BA750-DFDD-40D0-8FEB-12165EC954EE}.Debug|Any CPU.Build.0 = Debug|Any CPU
		{A47BA750-DFDD-40D0-8FEB-12165EC954EE}.Release|Any CPU.ActiveCfg = Release|Any CPU
		{A47BA750-DFDD-40D0-8FEB-12165EC954EE}.Release|Any CPU.Build.0 = Release|Any CPU
		{A03AC71F-9FEB-43BD-A01E-94F8EE47B028}.Debug|Any CPU.ActiveCfg = Debug|Any CPU
		{A03AC71F-9FEB-43BD-A01E-94F8EE47B028}.Debug|Any CPU.Build.0 = Debug|Any CPU
		{A03AC71F-9FEB-43BD-A01E-94F8EE47B028}.Release|Any CPU.ActiveCfg = Release|Any CPU
		{A03AC71F-9FEB-43BD-A01E-94F8EE47B028}.Release|Any CPU.Build.0 = Release|Any CPU
		{79B7FE4B-C679-465C-B88B-8E21FF5B2F2A}.Debug|Any CPU.ActiveCfg = Debug|Any CPU
		{79B7FE4B-C679-465C-B88B-8E21FF5B2F2A}.Debug|Any CPU.Build.0 = Debug|Any CPU
		{79B7FE4B-C679-465C-B88B-8E21FF5B2F2A}.Release|Any CPU.ActiveCfg = Release|Any CPU
		{79B7FE4B-C679-465C-B88B-8E21FF5B2F2A}.Release|Any CPU.Build.0 = Release|Any CPU
		{B33F1E9E-1FEA-439F-BFE7-99AF9B5F1606}.Debug|Any CPU.ActiveCfg = Debug|Any CPU
		{B33F1E9E-1FEA-439F-BFE7-99AF9B5F1606}.Debug|Any CPU.Build.0 = Debug|Any CPU
		{B33F1E9E-1FEA-439F-BFE7-99AF9B5F1606}.Release|Any CPU.ActiveCfg = Debug|Any CPU
		{B33F1E9E-1FEA-439F-BFE7-99AF9B5F1606}.Release|Any CPU.Build.0 = Debug|Any CPU
		{9229BC80-3D87-4F87-A037-55F9179356D5}.Debug|Any CPU.ActiveCfg = Debug|Any CPU
		{9229BC80-3D87-4F87-A037-55F9179356D5}.Debug|Any CPU.Build.0 = Debug|Any CPU
		{9229BC80-3D87-4F87-A037-55F9179356D5}.Release|Any CPU.ActiveCfg = Release|Any CPU
		{9229BC80-3D87-4F87-A037-55F9179356D5}.Release|Any CPU.Build.0 = Release|Any CPU
	EndGlobalSection
	GlobalSection(SolutionProperties) = preSolution
		HideSolutionNode = FALSE
	EndGlobalSection
	GlobalSection(ExtensibilityGlobals) = postSolution
		SolutionGuid = {EA921C9F-AD08-457A-BC21-A8BE4A155691}
	EndGlobalSection
EndGlobal
